
Microsoft Visual Studio Solution File, Format Version 12.00
# Visual Studio 15
VisualStudioVersion = 15.0.27428.2002
MinimumVisualStudioVersion = 10.0.40219.1
Project("{8BC9CEB8-8B4A-11D0-8D11-00A0C91BC942}") = "TP2Graficos1Guevara", "TP2Graficos1Guevara\TP2Graficos1Guevara.vcxproj", "{E3E6DD6A-7D20-463E-BBAB-00EEE8821B96}"
EndProject
Global
	GlobalSection(SolutionConfigurationPlatforms) = preSolution
		Debug|x64 = Debug|x64
		Debug|x86 = Debug|x86
		Release|x64 = Release|x64
		Release|x86 = Release|x86
	EndGlobalSection
	GlobalSection(ProjectConfigurationPlatforms) = postSolution
		{E3E6DD6A-7D20-463E-BBAB-00EEE8821B96}.Debug|x64.ActiveCfg = Debug|x64
		{E3E6DD6A-7D20-463E-BBAB-00EEE8821B96}.Debug|x64.Build.0 = Debug|x64
		{E3E6DD6A-7D20-463E-BBAB-00EEE8821B96}.Debug|x86.ActiveCfg = Debug|Win32
		{E3E6DD6A-7D20-463E-BBAB-00EEE8821B96}.Debug|x86.Build.0 = Debug|Win32
		{E3E6DD6A-7D20-463E-BBAB-00EEE8821B96}.Release|x64.ActiveCfg = Release|x64
		{E3E6DD6A-7D20-463E-BBAB-00EEE8821B96}.Release|x64.Build.0 = Release|x64
		{E3E6DD6A-7D20-463E-BBAB-00EEE8821B96}.Release|x86.ActiveCfg = Release|Win32
		{E3E6DD6A-7D20-463E-BBAB-00EEE8821B96}.Release|x86.Build.0 = Release|Win32
	EndGlobalSection
	GlobalSection(SolutionProperties) = preSolution
		HideSolutionNode = FALSE
	EndGlobalSection
	GlobalSection(ExtensibilityGlobals) = postSolution
		SolutionGuid = {30B9F04A-6C54-4647-9E6B-E67BCA19C0BE}
	EndGlobalSection
EndGlobal
